
Microsoft Visual Studio Solution File, Format Version 12.00
# Visual Studio Version 16
VisualStudioVersion = 16.0.31702.278
MinimumVisualStudioVersion = 10.0.40219.1
Project("{FAE04EC0-301F-11D3-BF4B-00C04F79EFBC}") = "HamzaTest", "HamzaTest\HamzaTest.csproj", "{FEDAE796-ED86-44B2-BCC1-BEA2596C4AE4}"
EndProject
Global
	GlobalSection(SolutionConfigurationPlatforms) = preSolution
		Debug|Any CPU = Debug|Any CPU
		Release|Any CPU = Release|Any CPU
	EndGlobalSection
	GlobalSection(ProjectConfigurationPlatforms) = postSolution
		{FEDAE796-ED86-44B2-BCC1-BEA2596C4AE4}.Debug|Any CPU.ActiveCfg = Debug|Any CPU
		{FEDAE796-ED86-44B2-BCC1-BEA2596C4AE4}.Debug|Any CPU.Build.0 = Debug|Any CPU
		{FEDAE796-ED86-44B2-BCC1-BEA2596C4AE4}.Release|Any CPU.ActiveCfg = Release|Any CPU
		{FEDAE796-ED86-44B2-BCC1-BEA2596C4AE4}.Release|Any CPU.Build.0 = Release|Any CPU
	EndGlobalSection
	GlobalSection(SolutionProperties) = preSolution
		HideSolutionNode = FALSE
	EndGlobalSection
	GlobalSection(ExtensibilityGlobals) = postSolution
		SolutionGuid = {C967AA81-13A0-4703-9613-02FA0B48C5CD}
	EndGlobalSection
EndGlobal
